# This file is automatically @generated by Cargo.
# It is not intended for manual editing.
version = 3

[[package]]
name = "byteorder"
version = "1.4.3"
source = "registry+https://github.com/rust-lang/crates.io-index"
checksum = "14c189c53d098945499cdfa7ecc63567cf3886b3332b312a5b4585d8d3a6a610"

[[package]]
name = "cis2-market"
version = "0.1.0"
dependencies = [
 "concordium-cis2",
 "concordium-std",
]

[[package]]
name = "concordium-cis2"
version = "3.0.0"
source = "registry+https://github.com/rust-lang/crates.io-index"
checksum = "a2d6e0f1833635faa71c0712b1526fec66262451b48898f82296336da433ec41"
dependencies = [
 "concordium-std",
 "primitive-types",
]

[[package]]
name = "concordium-contracts-common"
version = "5.3.1"
source = "registry+https://github.com/rust-lang/crates.io-index"
checksum = "2bd5cddd63af3a1682139d85f42aeb518dc9a0b6b4230afa9a1b716a57cae58f"
dependencies = [
 "concordium-contracts-common-derive",
 "fnv",
 "hashbrown",
]

[[package]]
name = "concordium-contracts-common-derive"
version = "1.0.1"
source = "registry+https://github.com/rust-lang/crates.io-index"
checksum = "84ca43d948ffa533b5f898e4abcee1723b7b7e50536a41aa38131929b037c082"
dependencies = [
 "proc-macro2",
 "quote",
 "syn",
]

[[package]]
name = "concordium-std"
version = "6.1.1"
source = "registry+https://github.com/rust-lang/crates.io-index"
checksum = "ad9481b7d3a3c5ed9bc204a5c3a7fac88390cfdc1b3cc9b0f0f2bf4f9847a2dc"
dependencies = [
 "concordium-contracts-common",
 "concordium-std-derive",
]

[[package]]
name = "concordium-std-derive"
version = "5.1.0"
source = "registry+https://github.com/rust-lang/crates.io-index"
checksum = "0a8dcf85dc8dcd70140e53fa05ae96c5a2a436f82da2ca07a8610469f2bf4ddb"
dependencies = [
 "concordium-contracts-common",
 "proc-macro2",
 "quote",
 "syn",
]

[[package]]
name = "crunchy"
version = "0.2.2"
source = "registry+https://github.com/rust-lang/crates.io-index"
checksum = "7a81dae078cea95a014a339291cec439d2f232ebe854a9d672b796c6afafa9b7"

[[package]]
name = "fixed-hash"
version = "0.7.0"
source = "registry+https://github.com/rust-lang/crates.io-index"
checksum = "cfcf0ed7fe52a17a03854ec54a9f76d6d84508d1c0e66bc1793301c73fc8493c"
dependencies = [
 "static_assertions",
]

[[package]]
name = "fnv"
version = "1.0.7"
source = "registry+https://github.com/rust-lang/crates.io-index"
checksum = "3f9eec918d3f24069decb9af1554cad7c880e2da24a9afd88aca000531ab82c1"

[[package]]
name = "hashbrown"
version = "0.11.2"
source = "registry+https://github.com/rust-lang/crates.io-index"
checksum = "ab5ef0d4909ef3724cc8cce6ccc8572c5c817592e9285f5464f8e86f8bd3726e"

[[package]]
name = "hex"
version = "0.4.3"
source = "registry+https://github.com/rust-lang/crates.io-index"
checksum = "7f24254aa9a54b5c858eaee2f5bccdb46aaf0e486a595ed5fd8f86ba55232a70"

[[package]]
name = "primitive-types"
version = "0.11.1"
source = "registry+https://github.com/rust-lang/crates.io-index"
checksum = "e28720988bff275df1f51b171e1b2a18c30d194c4d2b61defdacecd625a5d94a"
dependencies = [
 "fixed-hash",
 "uint",
]

[[package]]
name = "proc-macro2"
version = "1.0.56"
source = "registry+https://github.com/rust-lang/crates.io-index"
checksum = "2b63bdb0cd06f1f4dedf69b254734f9b45af66e4a031e42a7480257d9898b435"
dependencies = [
 "unicode-ident",
]

[[package]]
name = "quote"
version = "1.0.26"
source = "registry+https://github.com/rust-lang/crates.io-index"
checksum = "4424af4bf778aae2051a77b60283332f386554255d722233d09fbfc7e30da2fc"
dependencies = [
 "proc-macro2",
]

[[package]]
name = "static_assertions"
version = "1.1.0"
source = "registry+https://github.com/rust-lang/crates.io-index"
checksum = "a2eb9349b6444b326872e140eb1cf5e7c522154d69e7a0ffb0fb81c06b37543f"

[[package]]
name = "syn"
version = "1.0.109"
source = "registry+https://github.com/rust-lang/crates.io-index"
checksum = "72b64191b275b66ffe2469e8af2c1cfe3bafa67b529ead792a6d0160888b4237"
dependencies = [
 "proc-macro2",
 "quote",
 "unicode-ident",
]

[[package]]
name = "uint"
version = "0.9.5"
source = "registry+https://github.com/rust-lang/crates.io-index"
checksum = "76f64bba2c53b04fcab63c01a7d7427eadc821e3bc48c34dc9ba29c501164b52"
dependencies = [
 "byteorder",
 "crunchy",
 "hex",
 "static_assertions",
]

[[package]]
name = "unicode-ident"
version = "1.0.8"
source = "registry+https://github.com/rust-lang/crates.io-index"
checksum = "e5464a87b239f13a63a501f2701565754bae92d243d4bb7eb12f6d57d2269bf4"
